<?xml version="1.0" encoding="utf-8"?>
<Project ToolsVersion="4.0" xmlns="http://schemas.microsoft.com/developer/msbuild/2003">
  <ItemGroup>
    <Filter Include="doc">
      <UniqueIdentifier>{1e5c7dd4-c955-45b7-8563-7416de70b1a8}</UniqueIdentifier>
    </Filter>
    <Filter Include="src">
      <UniqueIdentifier>{53bb836b-a91a-4d58-ae7e-5f4ab42fa788}</UniqueIdentifier>
    </Filter>
  </ItemGroup>
  <ItemGroup>
    <None Include="doc\commands.txt">
      <Filter>doc</Filter>
    </None>
    <None Include="doc\protocol.txt">
      <Filter>doc</Filter>
    </None>
    <None Include="configure.ac" />
    <None Include="Makefile.am" />
    <None Include="src\Makefile.am">
      <Filter>src</Filter>
    </None>
    <None Include="README.md" />
    <None Include="doc\specification.txt">
      <Filter>doc</Filter>
    </None>
  </ItemGroup>
  <ItemGroup>
    <ClCompile Include="src\network.cpp">
      <Filter>src</Filter>
    </ClCompile>
    <ClCompile Include="src\main.cpp">
      <Filter>src</Filter>
    </ClCompile>
    <ClCompile Include="src\server.cpp">
      <Filter>src</Filter>
    </ClCompile>
    <ClCompile Include="src\log.cpp">
      <Filter>src</Filter>
    </ClCompile>
    <ClCompile Include="src\api_server.cpp">
      <Filter>src</Filter>
    </ClCompile>
    <ClCompile Include="src\api_connection.cpp">
      <Filter>src</Filter>
    </ClCompile>
    <ClCompile Include="src\timeval.cpp">
      <Filter>src</Filter>
    </ClCompile>
    <ClCompile Include="src\api_keys.cpp">
      <Filter>src</Filter>
    </ClCompile>
    <ClCompile Include="src\api_strings.cpp">
      <Filter>src</Filter>
    </ClCompile>
    <ClCompile Include="src\api_transactions.cpp">
      <Filter>src</Filter>
    </ClCompile>
  </ItemGroup>
  <ItemGroup>
    <ClInclude Include="src\network.h">
      <Filter>src</Filter>
    </ClInclude>
    <ClInclude Include="src\common.h">
      <Filter>src</Filter>
    </ClInclude>
    <ClInclude Include="src\server.h">
      <Filter>src</Filter>
    </ClInclude>
    <ClInclude Include="src\log.h">
      <Filter>src</Filter>
    </ClInclude>
    <ClInclude Include="src\timeval.h">
      <Filter>src</Filter>
    </ClInclude>
  </ItemGroup>
</Project>